
Microsoft Visual Studio Solution File, Format Version 11.00
# Visual Studio 2010
Project("{F184B08F-C81C-45F6-A57F-5ABD9991F28F}") = "Transaction", "Transaction\Transaction.vbproj", "{E6CC8616-3F87-4869-9B95-8E4D3502395D}"
EndProject
Global
	GlobalSection(SolutionConfigurationPlatforms) = preSolution
		Debug|Any CPU = Debug|Any CPU
		Release|Any CPU = Release|Any CPU
	EndGlobalSection
	GlobalSection(ProjectConfigurationPlatforms) = postSolution
		{E6CC8616-3F87-4869-9B95-8E4D3502395D}.Debug|Any CPU.ActiveCfg = Debug|Any CPU
		{E6CC8616-3F87-4869-9B95-8E4D3502395D}.Debug|Any CPU.Build.0 = Debug|Any CPU
		{E6CC8616-3F87-4869-9B95-8E4D3502395D}.Release|Any CPU.ActiveCfg = Release|Any CPU
		{E6CC8616-3F87-4869-9B95-8E4D3502395D}.Release|Any CPU.Build.0 = Release|Any CPU
	EndGlobalSection
	GlobalSection(SolutionProperties) = preSolution
		HideSolutionNode = FALSE
	EndGlobalSection
EndGlobal
